
Microsoft Visual Studio Solution File, Format Version 12.00
# Visual Studio Version 17
VisualStudioVersion = 17.13.35931.197 d17.13
MinimumVisualStudioVersion = 10.0.40219.1
Project("{FAE04EC0-301F-11D3-BF4B-00C04F79EFBC}") = "Hospital_Management_System", "Hospital_Management_System.csproj", "{51784345-0A4D-4D09-86C3-B452F37A71C2}"
EndProject
Global
	GlobalSection(SolutionConfigurationPlatforms) = preSolution
		Debug|Any CPU = Debug|Any CPU
		Release|Any CPU = Release|Any CPU
	EndGlobalSection
	GlobalSection(ProjectConfigurationPlatforms) = postSolution
		{51784345-0A4D-4D09-86C3-B452F37A71C2}.Debug|Any CPU.ActiveCfg = Debug|Any CPU
		{51784345-0A4D-4D09-86C3-B452F37A71C2}.Debug|Any CPU.Build.0 = Debug|Any CPU
		{51784345-0A4D-4D09-86C3-B452F37A71C2}.Release|Any CPU.ActiveCfg = Release|Any CPU
		{51784345-0A4D-4D09-86C3-B452F37A71C2}.Release|Any CPU.Build.0 = Release|Any CPU
	EndGlobalSection
	GlobalSection(SolutionProperties) = preSolution
		HideSolutionNode = FALSE
	EndGlobalSection
	GlobalSection(ExtensibilityGlobals) = postSolution
		SolutionGuid = {8902F417-96E9-48B5-B974-9FED9B8FF7D9}
	EndGlobalSection
EndGlobal
